
Microsoft Visual Studio Solution File, Format Version 12.00
# Visual Studio Version 17
VisualStudioVersion = 17.9.34407.89
MinimumVisualStudioVersion = 10.0.40219.1
Project("{FAE04EC0-301F-11D3-BF4B-00C04F79EFBC}") = "PortFolioApp", "PortFolioApp\PortFolioApp.csproj", "{6F725F8E-FA33-4B5A-99C0-29A6F4ACCABA}"
EndProject
Global
	GlobalSection(SolutionConfigurationPlatforms) = preSolution
		Debug|Any CPU = Debug|Any CPU
		Release|Any CPU = Release|Any CPU
	EndGlobalSection
	GlobalSection(ProjectConfigurationPlatforms) = postSolution
		{6F725F8E-FA33-4B5A-99C0-29A6F4ACCABA}.Debug|Any CPU.ActiveCfg = Debug|Any CPU
		{6F725F8E-FA33-4B5A-99C0-29A6F4ACCABA}.Debug|Any CPU.Build.0 = Debug|Any CPU
		{6F725F8E-FA33-4B5A-99C0-29A6F4ACCABA}.Release|Any CPU.ActiveCfg = Release|Any CPU
		{6F725F8E-FA33-4B5A-99C0-29A6F4ACCABA}.Release|Any CPU.Build.0 = Release|Any CPU
	EndGlobalSection
	GlobalSection(SolutionProperties) = preSolution
		HideSolutionNode = FALSE
	EndGlobalSection
	GlobalSection(ExtensibilityGlobals) = postSolution
		SolutionGuid = {4CFED739-2CFD-4E86-A71C-205423BED5F9}
	EndGlobalSection
EndGlobal
